
Microsoft Visual Studio Solution File, Format Version 12.00
# Visual Studio Version 16
VisualStudioVersion = 16.0.31410.357
MinimumVisualStudioVersion = 10.0.40219.1
Project("{8BC9CEB8-8B4A-11D0-8D11-00A0C91BC942}") = "ShapesFusion", "ShapesFusion.vcxproj", "{DDD18372-3233-45FB-AFD7-8777CF441E87}"
EndProject
Global
	GlobalSection(SolutionConfigurationPlatforms) = preSolution
		Debug|x64 = Debug|x64
		Debug|x86 = Debug|x86
		Release|x64 = Release|x64
		Release|x86 = Release|x86
	EndGlobalSection
	GlobalSection(ProjectConfigurationPlatforms) = postSolution
		{DDD18372-3233-45FB-AFD7-8777CF441E87}.Debug|x64.ActiveCfg = Debug|x64
		{DDD18372-3233-45FB-AFD7-8777CF441E87}.Debug|x64.Build.0 = Debug|x64
		{DDD18372-3233-45FB-AFD7-8777CF441E87}.Debug|x86.ActiveCfg = Debug|Win32
		{DDD18372-3233-45FB-AFD7-8777CF441E87}.Debug|x86.Build.0 = Debug|Win32
		{DDD18372-3233-45FB-AFD7-8777CF441E87}.Release|x64.ActiveCfg = Release|x64
		{DDD18372-3233-45FB-AFD7-8777CF441E87}.Release|x64.Build.0 = Release|x64
		{DDD18372-3233-45FB-AFD7-8777CF441E87}.Release|x86.ActiveCfg = Release|Win32
		{DDD18372-3233-45FB-AFD7-8777CF441E87}.Release|x86.Build.0 = Release|Win32
	EndGlobalSection
	GlobalSection(SolutionProperties) = preSolution
		HideSolutionNode = FALSE
	EndGlobalSection
	GlobalSection(ExtensibilityGlobals) = postSolution
		SolutionGuid = {B1D98722-2F72-4980-BEE1-1F0BD5FD48E8}
	EndGlobalSection
EndGlobal
