<?xml version="1.0" encoding="utf-8"?>
<Project ToolsVersion="4.0" xmlns="http://schemas.microsoft.com/developer/msbuild/2003">
  <ItemGroup>
    <Filter Include="Source Files">
      <UniqueIdentifier>{4FC737F1-C7A5-4376-A066-2A32D752A2FF}</UniqueIdentifier>
      <Extensions>cpp;c;cc;cxx;c++;cppm;ixx;def;odl;idl;hpj;bat;asm;asmx</Extensions>
    </Filter>
    <Filter Include="Header Files">
      <UniqueIdentifier>{93995380-89BD-4b04-88EB-625FBE52EBFB}</UniqueIdentifier>
      <Extensions>h;hh;hpp;hxx;h++;hm;inl;inc;ipp;xsd</Extensions>
    </Filter>
    <Filter Include="Resource Files">
      <UniqueIdentifier>{67DA6AB6-F800-4c08-8B7A-83BB121AAD01}</UniqueIdentifier>
      <Extensions>rc;ico;cur;bmp;dlg;rc2;rct;bin;rgs;gif;jpg;jpeg;jpe;resx;tiff;tif;png;wav;mfcribbon-ms</Extensions>
    </Filter>
  </ItemGroup>
  <ItemGroup>
    <ClInclude Include="..\Physics\PhysicsDocument.h">
      <Filter>Header Files</Filter>
    </ClInclude>
    <ClInclude Include="..\Physics\PhysicsElements.h">
      <Filter>Header Files</Filter>
    </ClInclude>
    <ClInclude Include="..\Physics\PhysicsTreeItemData.h">
      <Filter>Header Files</Filter>
    </ClInclude>
    <ClInclude Include="..\Physics\PhysicsView.h">
      <Filter>Header Files</Filter>
    </ClInclude>
    <ClInclude Include="..\Shapes\BitmapBrowser.h">
      <Filter>Header Files</Filter>
    </ClInclude>
    <ClInclude Include="..\Shapes\BitmapView.h">
      <Filter>Header Files</Filter>
    </ClInclude>
    <ClInclude Include="..\Shapes\CTBrowser.h">
      <Filter>Header Files</Filter>
    </ClInclude>
    <ClInclude Include="..\Shapes\CTView.h">
      <Filter>Header Files</Filter>
    </ClInclude>
    <ClInclude Include="..\Shapes\FrameBrowser.h">
      <Filter>Header Files</Filter>
    </ClInclude>
    <ClInclude Include="..\Shapes\FrameView.h">
      <Filter>Header Files</Filter>
    </ClInclude>
    <ClInclude Include="..\Shapes\SequenceView.h">
      <Filter>Header Files</Filter>
    </ClInclude>
    <ClInclude Include="..\Shapes\ShapesDocument.h">
      <Filter>Header Files</Filter>
    </ClInclude>
    <ClInclude Include="..\Shapes\ShapesElements.h">
      <Filter>Header Files</Filter>
    </ClInclude>
    <ClInclude Include="..\Shapes\ShapesTreeItemData.h">
      <Filter>Header Files</Filter>
    </ClInclude>
    <ClInclude Include="..\Shapes\ShapesView.h">
      <Filter>Header Files</Filter>
    </ClInclude>
    <ClInclude Include="..\Shapes\utilities.h">
      <Filter>Header Files</Filter>
    </ClInclude>
    <ClInclude Include="..\Sounds\SoundsDocument.h">
      <Filter>Header Files</Filter>
    </ClInclude>
    <ClInclude Include="..\Sounds\SoundsElements.h">
      <Filter>Header Files</Filter>
    </ClInclude>
    <ClInclude Include="..\Sounds\SoundsView.h">
      <Filter>Header Files</Filter>
    </ClInclude>
    <ClInclude Include="..\BigEndianBuffer.h">
      <Filter>Header Files</Filter>
    </ClInclude>
    <ClInclude Include="..\DefaultNames.h">
      <Filter>Header Files</Filter>
    </ClInclude>
    <ClInclude Include="..\GenericEndianBuffer.h">
      <Filter>Header Files</Filter>
    </ClInclude>
    <ClInclude Include="..\LittleEndianBuffer.h">
      <Filter>Header Files</Filter>
    </ClInclude>
    <ClInclude Include="..\ShapeFusionApp.h">
      <Filter>Header Files</Filter>
    </ClInclude>
    <ClInclude Include="..\ShapeFusionDocManager.h">
      <Filter>Header Files</Filter>
    </ClInclude>
    <ClInclude Include="..\ShapeFusionMain.h">
      <Filter>Header Files</Filter>
    </ClInclude>
    <ClInclude Include="..\ShapeFusionMenus.h">
      <Filter>Header Files</Filter>
    </ClInclude>
    <ClInclude Include="..\Resources\resource.h">
      <Filter>Header Files</Filter>
    </ClInclude>
  </ItemGroup>
  <ItemGroup>
    <ClCompile Include="..\Physics\PhysicsDocument.cpp">
      <Filter>Source Files</Filter>
    </ClCompile>
    <ClCompile Include="..\Physics\PhysicsEditor.cpp">
      <Filter>Source Files</Filter>
    </ClCompile>
    <ClCompile Include="..\Physics\PhysicsElements.cpp">
      <Filter>Source Files</Filter>
    </ClCompile>
    <ClCompile Include="..\Physics\PhysicsTreeItemData.cpp">
      <Filter>Source Files</Filter>
    </ClCompile>
    <ClCompile Include="..\Physics\PhysicsView.cpp">
      <Filter>Source Files</Filter>
    </ClCompile>
    <ClCompile Include="..\Shapes\utilities.cpp">
      <Filter>Source Files</Filter>
    </ClCompile>
    <ClCompile Include="..\Shapes\ShapesView.cpp">
      <Filter>Source Files</Filter>
    </ClCompile>
    <ClCompile Include="..\Shapes\ShapesTreeItemData.cpp">
      <Filter>Source Files</Filter>
    </ClCompile>
    <ClCompile Include="..\Shapes\ShapesElements.cpp">
      <Filter>Source Files</Filter>
    </ClCompile>
    <ClCompile Include="..\Shapes\ShapesDocument.cpp">
      <Filter>Source Files</Filter>
    </ClCompile>
    <ClCompile Include="..\Shapes\SequenceView.cpp">
      <Filter>Source Files</Filter>
    </ClCompile>
    <ClCompile Include="..\Shapes\FrameView.cpp">
      <Filter>Source Files</Filter>
    </ClCompile>
    <ClCompile Include="..\Shapes\FrameBrowser.cpp">
      <Filter>Source Files</Filter>
    </ClCompile>
    <ClCompile Include="..\Shapes\CTView.cpp">
      <Filter>Source Files</Filter>
    </ClCompile>
    <ClCompile Include="..\Shapes\CTBrowser.cpp">
      <Filter>Source Files</Filter>
    </ClCompile>
    <ClCompile Include="..\Shapes\BitmapView.cpp">
      <Filter>Source Files</Filter>
    </ClCompile>
    <ClCompile Include="..\Shapes\BitmapBrowser.cpp">
      <Filter>Source Files</Filter>
    </ClCompile>
    <ClCompile Include="..\Sounds\SoundsDocument.cpp">
      <Filter>Source Files</Filter>
    </ClCompile>
    <ClCompile Include="..\Sounds\SoundsElements.cpp">
      <Filter>Source Files</Filter>
    </ClCompile>
    <ClCompile Include="..\Sounds\SoundsView.cpp">
      <Filter>Source Files</Filter>
    </ClCompile>
    <ClCompile Include="..\BigEndianBuffer.cpp">
      <Filter>Source Files</Filter>
    </ClCompile>
    <ClCompile Include="..\DefaultNames.cpp">
      <Filter>Source Files</Filter>
    </ClCompile>
    <ClCompile Include="..\GenericEndianBuffer.cpp">
      <Filter>Source Files</Filter>
    </ClCompile>
    <ClCompile Include="..\LittleEndianBuffer.cpp">
      <Filter>Source Files</Filter>
    </ClCompile>
    <ClCompile Include="..\ShapeFusionApp.cpp">
      <Filter>Source Files</Filter>
    </ClCompile>
    <ClCompile Include="..\ShapeFusionDocManager.cpp">
      <Filter>Source Files</Filter>
    </ClCompile>
    <ClCompile Include="..\ShapeFusionMain.cpp">
      <Filter>Source Files</Filter>
    </ClCompile>
    <ClCompile Include="..\ShapeFusionMenus.cpp">
      <Filter>Source Files</Filter>
    </ClCompile>
  </ItemGroup>
  <ItemGroup>
    <ResourceCompile Include="..\Resources\shapefusion.rc">
      <Filter>Resource Files</Filter>
    </ResourceCompile>
  </ItemGroup>
  <ItemGroup>
    <Image Include="..\Resources\shapefusion.ico">
      <Filter>Resource Files</Filter>
    </Image>
  </ItemGroup>
</Project>