// !$*UTF8*$!
{
	archiveVersion = 1;
	classes = {
	};
	objectVersion = 42;
	objects = {

/* Begin PBXBuildFile section */
		1F89D48C0BB31C5B004D7E20 /* Carbon.framework in Frameworks */ = {isa = PBXBuildFile; fileRef = F08B4C360AB0B06D00896399 /* Carbon.framework */; };
		1F89D48F0BB31C9A004D7E20 /* libiconv.dylib in Frameworks */ = {isa = PBXBuildFile; fileRef = 1F89D48E0BB31C9A004D7E20 /* libiconv.dylib */; };
		1FABAFF10BBD8D2E00CAE63F /* libwx_mac.dylib in Frameworks */ = {isa = PBXBuildFile; fileRef = 1F89D4660BB31A81004D7E20 /* libwx_mac.dylib */; };
		F08B4C5A0AB0B31E00896399 /* ShapeFusionApp.cpp in Sources */ = {isa = PBXBuildFile; fileRef = F08B4B780AB0AE4B00896399 /* ShapeFusionApp.cpp */; };
		F08B4C5B0AB0B34E00896399 /* ShapesEditor.cpp in Sources */ = {isa = PBXBuildFile; fileRef = F08B4B810AB0AE4B00896399 /* ShapesEditor.cpp */; };
		F08B4C5C0AB0B35700896399 /* Shapes.cpp in Sources */ = {isa = PBXBuildFile; fileRef = F08B4B770AB0AE4B00896399 /* Shapes.cpp */; };
		F08B4C5D0AB0B35E00896399 /* FrameView.cpp in Sources */ = {isa = PBXBuildFile; fileRef = F08B4B7A0AB0AE4B00896399 /* FrameView.cpp */; };
		F08B4C5E0AB0B36300896399 /* FrameBrowser.cpp in Sources */ = {isa = PBXBuildFile; fileRef = F08B4B7B0AB0AE4B00896399 /* FrameBrowser.cpp */; };
		F08B4C5F0AB0B36700896399 /* CTBrowser.cpp in Sources */ = {isa = PBXBuildFile; fileRef = F08B4B7C0AB0AE4B00896399 /* CTBrowser.cpp */; };
		F08B4C600AB0B36C00896399 /* BitmapView.cpp in Sources */ = {isa = PBXBuildFile; fileRef = F08B4B7D0AB0AE4B00896399 /* BitmapView.cpp */; };
		F08B4C610AB0B37000896399 /* BitmapBrowser.cpp in Sources */ = {isa = PBXBuildFile; fileRef = F08B4B7E0AB0AE4B00896399 /* BitmapBrowser.cpp */; };
		F08B4C630AB0B37900896399 /* MyTreeItemData.cpp in Sources */ = {isa = PBXBuildFile; fileRef = F08B4B790AB0AE4B00896399 /* MyTreeItemData.cpp */; };
		F08B4C640AB0B37E00896399 /* utilities.cpp in Sources */ = {isa = PBXBuildFile; fileRef = F08B4B800AB0AE4B00896399 /* utilities.cpp */; };
		F08B4C650AB0B39200896399 /* wxmac.icns in Resources */ = {isa = PBXBuildFile; fileRef = F08B4B760AB0AE2000896399 /* wxmac.icns */; };
		F0966E030B551E4900820E4F /* SequenceView.cpp in Sources */ = {isa = PBXBuildFile; fileRef = F0966E020B551E4900820E4F /* SequenceView.cpp */; };
		F096F44F0AD2DD97005A633A /* BigEndianBuffer.cpp in Sources */ = {isa = PBXBuildFile; fileRef = F096F44E0AD2DD97005A633A /* BigEndianBuffer.cpp */; };
/* End PBXBuildFile section */

/* Begin PBXBuildRule section */
		F08B4D9F0AB0CF7500896399 /* PBXBuildRule */ = {
			isa = PBXBuildRule;
			compilerSpec = com.apple.compilers.gcc;
			fileType = sourcecode.cpp;
			isEditable = 1;
			outputFiles = (
			);
		};
/* End PBXBuildRule section */

/* Begin PBXContainerItemProxy section */
		1F89D4630BB31A81004D7E20 /* PBXContainerItemProxy */ = {
			isa = PBXContainerItemProxy;
			containerPortal = 1F89D45A0BB31A81004D7E20 /* wxWindows.xcodeproj */;
			proxyType = 2;
			remoteGlobalIDString = 4086C8CB063AB30000D4CD53;
			remoteInfo = static;
		};
		1F89D4650BB31A81004D7E20 /* PBXContainerItemProxy */ = {
			isa = PBXContainerItemProxy;
			containerPortal = 1F89D45A0BB31A81004D7E20 /* wxWindows.xcodeproj */;
			proxyType = 2;
			remoteGlobalIDString = 4086CBE1063AB30000D4CD53;
			remoteInfo = dynamic;
		};
/* End PBXContainerItemProxy section */

/* Begin PBXFileReference section */
		1F89D45A0BB31A81004D7E20 /* wxWindows.xcodeproj */ = {isa = PBXFileReference; lastKnownFileType = "wrapper.pb-project"; name = wxWindows.xcodeproj; path = ../wxWidgets/src/wxWindows.xcodeproj; sourceTree = SOURCE_ROOT; };
		1F89D48E0BB31C9A004D7E20 /* libiconv.dylib */ = {isa = PBXFileReference; lastKnownFileType = "compiled.mach-o.dylib"; name = libiconv.dylib; path = ../../../../../../../usr/lib/libiconv.dylib; sourceTree = SOURCE_ROOT; };
		F08B4B760AB0AE2000896399 /* wxmac.icns */ = {isa = PBXFileReference; lastKnownFileType = image.icns; name = wxmac.icns; path = ../wxWidgets/src/mac/carbon/wxmac.icns; sourceTree = SOURCE_ROOT; };
		F08B4B770AB0AE4B00896399 /* Shapes.cpp */ = {isa = PBXFileReference; explicitFileType = sourcecode.cpp.cpp; fileEncoding = 5; path = Shapes.cpp; sourceTree = "<group>"; };
		F08B4B780AB0AE4B00896399 /* ShapeFusionApp.cpp */ = {isa = PBXFileReference; fileEncoding = 5; lastKnownFileType = sourcecode.cpp.cpp; path = ShapeFusionApp.cpp; sourceTree = "<group>"; };
		F08B4B790AB0AE4B00896399 /* MyTreeItemData.cpp */ = {isa = PBXFileReference; fileEncoding = 5; lastKnownFileType = sourcecode.cpp.cpp; path = MyTreeItemData.cpp; sourceTree = "<group>"; };
		F08B4B7A0AB0AE4B00896399 /* FrameView.cpp */ = {isa = PBXFileReference; fileEncoding = 5; lastKnownFileType = sourcecode.cpp.cpp; path = FrameView.cpp; sourceTree = "<group>"; };
		F08B4B7B0AB0AE4B00896399 /* FrameBrowser.cpp */ = {isa = PBXFileReference; fileEncoding = 5; lastKnownFileType = sourcecode.cpp.cpp; path = FrameBrowser.cpp; sourceTree = "<group>"; };
		F08B4B7C0AB0AE4B00896399 /* CTBrowser.cpp */ = {isa = PBXFileReference; fileEncoding = 5; lastKnownFileType = sourcecode.cpp.cpp; path = CTBrowser.cpp; sourceTree = "<group>"; };
		F08B4B7D0AB0AE4B00896399 /* BitmapView.cpp */ = {isa = PBXFileReference; fileEncoding = 5; lastKnownFileType = sourcecode.cpp.cpp; path = BitmapView.cpp; sourceTree = "<group>"; };
		F08B4B7E0AB0AE4B00896399 /* BitmapBrowser.cpp */ = {isa = PBXFileReference; fileEncoding = 5; lastKnownFileType = sourcecode.cpp.cpp; path = BitmapBrowser.cpp; sourceTree = "<group>"; };
		F08B4B800AB0AE4B00896399 /* utilities.cpp */ = {isa = PBXFileReference; fileEncoding = 5; lastKnownFileType = sourcecode.cpp.cpp; path = utilities.cpp; sourceTree = "<group>"; };
		F08B4B810AB0AE4B00896399 /* ShapesEditor.cpp */ = {isa = PBXFileReference; fileEncoding = 5; lastKnownFileType = sourcecode.cpp.cpp; path = ShapesEditor.cpp; sourceTree = "<group>"; };
		F08B4B820AB0AE6C00896399 /* ShapeFusionApp.h */ = {isa = PBXFileReference; explicitFileType = sourcecode.c.h; fileEncoding = 5; path = ShapeFusionApp.h; sourceTree = "<group>"; };
		F08B4B830AB0AE6C00896399 /* MyTreeItemData.h */ = {isa = PBXFileReference; fileEncoding = 5; lastKnownFileType = sourcecode.c.h; path = MyTreeItemData.h; sourceTree = "<group>"; };
		F08B4B840AB0AE6C00896399 /* FrameView.h */ = {isa = PBXFileReference; fileEncoding = 5; lastKnownFileType = sourcecode.c.h; path = FrameView.h; sourceTree = "<group>"; };
		F08B4B850AB0AE6C00896399 /* FrameBrowser.h */ = {isa = PBXFileReference; fileEncoding = 5; lastKnownFileType = sourcecode.c.h; path = FrameBrowser.h; sourceTree = "<group>"; };
		F08B4B860AB0AE6C00896399 /* CTBrowser.h */ = {isa = PBXFileReference; fileEncoding = 5; lastKnownFileType = sourcecode.c.h; path = CTBrowser.h; sourceTree = "<group>"; };
		F08B4B870AB0AE6C00896399 /* BitmapView.h */ = {isa = PBXFileReference; fileEncoding = 5; lastKnownFileType = sourcecode.c.h; path = BitmapView.h; sourceTree = "<group>"; };
		F08B4B880AB0AE6C00896399 /* BitmapBrowser.h */ = {isa = PBXFileReference; fileEncoding = 5; lastKnownFileType = sourcecode.c.h; path = BitmapBrowser.h; sourceTree = "<group>"; };
		F08B4B8A0AB0AE6C00896399 /* utilities.h */ = {isa = PBXFileReference; fileEncoding = 5; lastKnownFileType = sourcecode.c.h; path = utilities.h; sourceTree = "<group>"; };
		F08B4B8B0AB0AE6C00896399 /* ShapesEditor.h */ = {isa = PBXFileReference; fileEncoding = 5; lastKnownFileType = sourcecode.c.h; path = ShapesEditor.h; sourceTree = "<group>"; };
		F08B4B8C0AB0AE6C00896399 /* Shapes.h */ = {isa = PBXFileReference; fileEncoding = 5; lastKnownFileType = sourcecode.c.h; path = Shapes.h; sourceTree = "<group>"; };
		F08B4C360AB0B06D00896399 /* Carbon.framework */ = {isa = PBXFileReference; lastKnownFileType = wrapper.framework; name = Carbon.framework; path = /System/Library/Frameworks/Carbon.framework; sourceTree = "<absolute>"; };
		F08B4C440AB0B10000896399 /* ShapeFusion.app */ = {isa = PBXFileReference; explicitFileType = wrapper.application; includeInIndex = 0; path = ShapeFusion.app; sourceTree = BUILT_PRODUCTS_DIR; };
		F08B4C470AB0B10000896399 /* ShapeFusion-Info.plist */ = {isa = PBXFileReference; lastKnownFileType = text.xml; path = "ShapeFusion-Info.plist"; sourceTree = "<group>"; };
		F0966E020B551E4900820E4F /* SequenceView.cpp */ = {isa = PBXFileReference; fileEncoding = 5; lastKnownFileType = sourcecode.cpp.cpp; path = SequenceView.cpp; sourceTree = "<group>"; };
		F0966E040B551E5100820E4F /* SequenceView.h */ = {isa = PBXFileReference; fileEncoding = 5; lastKnownFileType = sourcecode.c.h; path = SequenceView.h; sourceTree = "<group>"; };
		F096F44E0AD2DD97005A633A /* BigEndianBuffer.cpp */ = {isa = PBXFileReference; fileEncoding = 5; lastKnownFileType = sourcecode.cpp.cpp; path = BigEndianBuffer.cpp; sourceTree = "<group>"; };
		F096F4500AD2DD9F005A633A /* BigEndianBuffer.h */ = {isa = PBXFileReference; fileEncoding = 5; lastKnownFileType = sourcecode.c.h; path = BigEndianBuffer.h; sourceTree = "<group>"; };
/* End PBXFileReference section */

/* Begin PBXFrameworksBuildPhase section */
		F08B4C420AB0B10000896399 /* Frameworks */ = {
			isa = PBXFrameworksBuildPhase;
			buildActionMask = 2147483647;
			files = (
				1F89D48C0BB31C5B004D7E20 /* Carbon.framework in Frameworks */,
				1F89D48F0BB31C9A004D7E20 /* libiconv.dylib in Frameworks */,
				1FABAFF10BBD8D2E00CAE63F /* libwx_mac.dylib in Frameworks */,
			);
			runOnlyForDeploymentPostprocessing = 0;
		};
/* End PBXFrameworksBuildPhase section */

/* Begin PBXGroup section */
		1F89D45B0BB31A81004D7E20 /* Products */ = {
			isa = PBXGroup;
			children = (
				1F89D4640BB31A81004D7E20 /* libwx_mac_static.a */,
				1F89D4660BB31A81004D7E20 /* libwx_mac.dylib */,
			);
			name = Products;
			sourceTree = "<group>";
		};
		F08B4B580AB0ADBA00896399 = {
			isa = PBXGroup;
			children = (
				1F89D45A0BB31A81004D7E20 /* wxWindows.xcodeproj */,
				F08B4B720AB0AE0B00896399 /* Sources */,
				F08B4B750AB0AE1200896399 /* Resources */,
				F08B4B9E0AB0B02A00896399 /* External things */,
				F08B4C450AB0B10000896399 /* Products */,
				F08B4C470AB0B10000896399 /* ShapeFusion-Info.plist */,
			);
			sourceTree = "<group>";
		};
		F08B4B720AB0AE0B00896399 /* Sources */ = {
			isa = PBXGroup;
			children = (
				F08B4B820AB0AE6C00896399 /* ShapeFusionApp.h */,
				F08B4B780AB0AE4B00896399 /* ShapeFusionApp.cpp */,
				F08B4B8B0AB0AE6C00896399 /* ShapesEditor.h */,
				F08B4B810AB0AE4B00896399 /* ShapesEditor.cpp */,
				F08B4B8C0AB0AE6C00896399 /* Shapes.h */,
				F08B4B770AB0AE4B00896399 /* Shapes.cpp */,
				F08B4B840AB0AE6C00896399 /* FrameView.h */,
				F08B4B7A0AB0AE4B00896399 /* FrameView.cpp */,
				F08B4B850AB0AE6C00896399 /* FrameBrowser.h */,
				F08B4B7B0AB0AE4B00896399 /* FrameBrowser.cpp */,
				F08B4B860AB0AE6C00896399 /* CTBrowser.h */,
				F08B4B7C0AB0AE4B00896399 /* CTBrowser.cpp */,
				F08B4B870AB0AE6C00896399 /* BitmapView.h */,
				F08B4B7D0AB0AE4B00896399 /* BitmapView.cpp */,
				F08B4B880AB0AE6C00896399 /* BitmapBrowser.h */,
				F08B4B7E0AB0AE4B00896399 /* BitmapBrowser.cpp */,
				F0966E040B551E5100820E4F /* SequenceView.h */,
				F0966E020B551E4900820E4F /* SequenceView.cpp */,
				F096F4500AD2DD9F005A633A /* BigEndianBuffer.h */,
				F096F44E0AD2DD97005A633A /* BigEndianBuffer.cpp */,
				F08B4B830AB0AE6C00896399 /* MyTreeItemData.h */,
				F08B4B790AB0AE4B00896399 /* MyTreeItemData.cpp */,
				F08B4B8A0AB0AE6C00896399 /* utilities.h */,
				F08B4B800AB0AE4B00896399 /* utilities.cpp */,
			);
			name = Sources;
			sourceTree = SOURCE_ROOT;
		};
		F08B4B750AB0AE1200896399 /* Resources */ = {
			isa = PBXGroup;
			children = (
				F08B4B760AB0AE2000896399 /* wxmac.icns */,
			);
			name = Resources;
			sourceTree = "<group>";
		};
		F08B4B9E0AB0B02A00896399 /* External things */ = {
			isa = PBXGroup;
			children = (
				1F89D48E0BB31C9A004D7E20 /* libiconv.dylib */,
				F08B4C360AB0B06D00896399 /* Carbon.framework */,
			);
			name = "External things";
			sourceTree = "<group>";
		};
		F08B4C450AB0B10000896399 /* Products */ = {
			isa = PBXGroup;
			children = (
				F08B4C440AB0B10000896399 /* ShapeFusion.app */,
			);
			name = Products;
			sourceTree = "<group>";
		};
/* End PBXGroup section */

/* Begin PBXNativeTarget section */
		F08B4C430AB0B10000896399 /* ShapeFusion */ = {
			isa = PBXNativeTarget;
			buildConfigurationList = F08B4C480AB0B10000896399 /* Build configuration list for PBXNativeTarget "ShapeFusion" */;
			buildPhases = (
				F08B4C400AB0B10000896399 /* Resources */,
				F08B4C410AB0B10000896399 /* Sources */,
				F08B4C420AB0B10000896399 /* Frameworks */,
				1FABAFE60BBD8BE500CAE63F /* ShellScript */,
			);
			buildRules = (
				F08B4D9F0AB0CF7500896399 /* PBXBuildRule */,
			);
			dependencies = (
			);
			name = ShapeFusion;
			productName = carbon_static;
			productReference = F08B4C440AB0B10000896399 /* ShapeFusion.app */;
			productType = "com.apple.product-type.application";
		};
/* End PBXNativeTarget section */

/* Begin PBXProject section */
		F08B4B5A0AB0ADBA00896399 /* Project object */ = {
			isa = PBXProject;
			buildConfigurationList = F08B4B5B0AB0ADBA00896399 /* Build configuration list for PBXProject "ShapeFusion" */;
			hasScannedForEncodings = 0;
			mainGroup = F08B4B580AB0ADBA00896399;
			productRefGroup = F08B4C450AB0B10000896399 /* Products */;
			projectDirPath = "";
			projectReferences = (
				{
					ProductGroup = 1F89D45B0BB31A81004D7E20 /* Products */;
					ProjectRef = 1F89D45A0BB31A81004D7E20 /* wxWindows.xcodeproj */;
				},
			);
			targets = (
				F08B4C430AB0B10000896399 /* ShapeFusion */,
			);
		};
/* End PBXProject section */

/* Begin PBXReferenceProxy section */
		1F89D4640BB31A81004D7E20 /* libwx_mac_static.a */ = {
			isa = PBXReferenceProxy;
			fileType = archive.ar;
			path = libwx_mac_static.a;
			remoteRef = 1F89D4630BB31A81004D7E20 /* PBXContainerItemProxy */;
			sourceTree = BUILT_PRODUCTS_DIR;
		};
		1F89D4660BB31A81004D7E20 /* libwx_mac.dylib */ = {
			isa = PBXReferenceProxy;
			fileType = "compiled.mach-o.dylib";
			path = libwx_mac.dylib;
			remoteRef = 1F89D4650BB31A81004D7E20 /* PBXContainerItemProxy */;
			sourceTree = BUILT_PRODUCTS_DIR;
		};
/* End PBXReferenceProxy section */

/* Begin PBXResourcesBuildPhase section */
		F08B4C400AB0B10000896399 /* Resources */ = {
			isa = PBXResourcesBuildPhase;
			buildActionMask = 2147483647;
			files = (
				F08B4C650AB0B39200896399 /* wxmac.icns in Resources */,
			);
			runOnlyForDeploymentPostprocessing = 0;
		};
/* End PBXResourcesBuildPhase section */

/* Begin PBXShellScriptBuildPhase section */
		1FABAFE60BBD8BE500CAE63F /* ShellScript */ = {
			isa = PBXShellScriptBuildPhase;
			buildActionMask = 2147483647;
			files = (
			);
			inputPaths = (
			);
			outputPaths = (
			);
			runOnlyForDeploymentPostprocessing = 0;
			shellPath = /bin/sh;
			shellScript = "if [ ! -d ${TARGET_BUILD_DIR}/${FRAMEWORKS_FOLDER_PATH} ]; then\n\tmkdir ${TARGET_BUILD_DIR}/${FRAMEWORKS_FOLDER_PATH}\nfi\nif [ ! -e ${TARGET_BUILD_DIR}/${FRAMEWORKS_FOLDER_PATH}/libwx_mac.dylib ]; then\n\tcp ${SRCROOT}/../wxWidgets/src/build/${CONFIGURATION}/libwx_mac.dylib ${TARGET_BUILD_DIR}/${FRAMEWORKS_FOLDER_PATH}\nfi\n";
		};
/* End PBXShellScriptBuildPhase section */

/* Begin PBXSourcesBuildPhase section */
		F08B4C410AB0B10000896399 /* Sources */ = {
			isa = PBXSourcesBuildPhase;
			buildActionMask = 2147483647;
			files = (
				F08B4C5A0AB0B31E00896399 /* ShapeFusionApp.cpp in Sources */,
				F08B4C5B0AB0B34E00896399 /* ShapesEditor.cpp in Sources */,
				F08B4C5C0AB0B35700896399 /* Shapes.cpp in Sources */,
				F08B4C5D0AB0B35E00896399 /* FrameView.cpp in Sources */,
				F08B4C5E0AB0B36300896399 /* FrameBrowser.cpp in Sources */,
				F08B4C5F0AB0B36700896399 /* CTBrowser.cpp in Sources */,
				F08B4C600AB0B36C00896399 /* BitmapView.cpp in Sources */,
				F08B4C610AB0B37000896399 /* BitmapBrowser.cpp in Sources */,
				F08B4C630AB0B37900896399 /* MyTreeItemData.cpp in Sources */,
				F08B4C640AB0B37E00896399 /* utilities.cpp in Sources */,
				F096F44F0AD2DD97005A633A /* BigEndianBuffer.cpp in Sources */,
				F0966E030B551E4900820E4F /* SequenceView.cpp in Sources */,
			);
			runOnlyForDeploymentPostprocessing = 0;
		};
/* End PBXSourcesBuildPhase section */

/* Begin XCBuildConfiguration section */
		F08B4B5C0AB0ADBA00896399 /* Development */ = {
			isa = XCBuildConfiguration;
			buildSettings = {
				ARCHS = "$(NATIVE_ARCH)";
			};
			name = Development;
		};
		F08B4B5D0AB0ADBA00896399 /* Deployment */ = {
			isa = XCBuildConfiguration;
			buildSettings = {
				ARCHS = (
					ppc,
					i386,
				);
			};
			name = Deployment;
		};
		F08B4C490AB0B10000896399 /* Development */ = {
			isa = XCBuildConfiguration;
			buildSettings = {
				GCC_PRECOMPILE_PREFIX_HEADER = YES;
				GCC_PREFIX_HEADER = ../wxWidgets/include/wx/wxprec.h;
				GCC_PREPROCESSOR_DEFINITIONS = (
					NO_GCC_PRAGMA,
					__WXMAC__,
					"wxUSE_BASE=1",
					"_FILE_OFFSET_BITS=64",
					_LARGE_FILES,
					"__WXMAC_XCODE__=1",
					"WX_PRECOMP=1",
					MACOS_CLASSIC,
					__WXDEBUG__,
				);
				GCC_VERSION_ppc = 3.3;
				INFOPLIST_FILE = "ShapeFusion-Info.plist";
				MACOSX_DEPLOYMENT_TARGET_ppc = 10.3;
				PRODUCT_NAME = ShapeFusion;
				USER_HEADER_SEARCH_PATHS = "../wxWidgets/include ../wxWidgets/src/build/include";
				WRAPPER_EXTENSION = app;
			};
			name = Development;
		};
		F08B4C4A0AB0B10000896399 /* Deployment */ = {
			isa = XCBuildConfiguration;
			buildSettings = {
				GCC_PRECOMPILE_PREFIX_HEADER = YES;
				GCC_PREFIX_HEADER = ../wxWidgets/include/wx/wxprec.h;
				GCC_PREPROCESSOR_DEFINITIONS = (
					NO_GCC_PRAGMA,
					__WXMAC__,
					"wxUSE_BASE=1",
					"_FILE_OFFSET_BITS=64",
					_LARGE_FILES,
					"__WXMAC_XCODE__=1",
					"WX_PRECOMP=1",
					MACOS_CLASSIC,
				);
				GCC_VERSION_ppc = 3.3;
				INFOPLIST_FILE = "ShapeFusion-Info.plist";
				MACOSX_DEPLOYMENT_TARGET_ppc = 10.3;
				PRODUCT_NAME = ShapeFusion;
				USER_HEADER_SEARCH_PATHS = "../wxWidgets/include ../wxWidgets/src/build/include";
				WRAPPER_EXTENSION = app;
			};
			name = Deployment;
		};
/* End XCBuildConfiguration section */

/* Begin XCConfigurationList section */
		F08B4B5B0AB0ADBA00896399 /* Build configuration list for PBXProject "ShapeFusion" */ = {
			isa = XCConfigurationList;
			buildConfigurations = (
				F08B4B5C0AB0ADBA00896399 /* Development */,
				F08B4B5D0AB0ADBA00896399 /* Deployment */,
			);
			defaultConfigurationIsVisible = 0;
			defaultConfigurationName = Deployment;
		};
		F08B4C480AB0B10000896399 /* Build configuration list for PBXNativeTarget "ShapeFusion" */ = {
			isa = XCConfigurationList;
			buildConfigurations = (
				F08B4C490AB0B10000896399 /* Development */,
				F08B4C4A0AB0B10000896399 /* Deployment */,
			);
			defaultConfigurationIsVisible = 0;
			defaultConfigurationName = Deployment;
		};
/* End XCConfigurationList section */
	};
	rootObject = F08B4B5A0AB0ADBA00896399 /* Project object */;
}
