// !$*UTF8*$!
{
	archiveVersion = 1;
	classes = {
	};
	objectVersion = 42;
	objects = {

/* Begin PBXBuildFile section */
		1F6C5E070B80E37800628F07 /* wx.framework in Frameworks */ = {isa = PBXBuildFile; fileRef = 1F6C5E060B80E37800628F07 /* wx.framework */; };
		F08B4C5A0AB0B31E00896399 /* ShapeFusionApp.cpp in Sources */ = {isa = PBXBuildFile; fileRef = F08B4B780AB0AE4B00896399 /* ShapeFusionApp.cpp */; };
		F08B4C5B0AB0B34E00896399 /* ShapesEditor.cpp in Sources */ = {isa = PBXBuildFile; fileRef = F08B4B810AB0AE4B00896399 /* ShapesEditor.cpp */; };
		F08B4C5C0AB0B35700896399 /* Shapes.cpp in Sources */ = {isa = PBXBuildFile; fileRef = F08B4B770AB0AE4B00896399 /* Shapes.cpp */; };
		F08B4C5D0AB0B35E00896399 /* FrameView.cpp in Sources */ = {isa = PBXBuildFile; fileRef = F08B4B7A0AB0AE4B00896399 /* FrameView.cpp */; };
		F08B4C5E0AB0B36300896399 /* FrameBrowser.cpp in Sources */ = {isa = PBXBuildFile; fileRef = F08B4B7B0AB0AE4B00896399 /* FrameBrowser.cpp */; };
		F08B4C5F0AB0B36700896399 /* CTBrowser.cpp in Sources */ = {isa = PBXBuildFile; fileRef = F08B4B7C0AB0AE4B00896399 /* CTBrowser.cpp */; };
		F08B4C600AB0B36C00896399 /* BitmapView.cpp in Sources */ = {isa = PBXBuildFile; fileRef = F08B4B7D0AB0AE4B00896399 /* BitmapView.cpp */; };
		F08B4C610AB0B37000896399 /* BitmapBrowser.cpp in Sources */ = {isa = PBXBuildFile; fileRef = F08B4B7E0AB0AE4B00896399 /* BitmapBrowser.cpp */; };
		F08B4C630AB0B37900896399 /* MyTreeItemData.cpp in Sources */ = {isa = PBXBuildFile; fileRef = F08B4B790AB0AE4B00896399 /* MyTreeItemData.cpp */; };
		F08B4C640AB0B37E00896399 /* utilities.cpp in Sources */ = {isa = PBXBuildFile; fileRef = F08B4B800AB0AE4B00896399 /* utilities.cpp */; };
		F08B4C650AB0B39200896399 /* wxmac.icns in Resources */ = {isa = PBXBuildFile; fileRef = F08B4B760AB0AE2000896399 /* wxmac.icns */; };
		F0966E030B551E4900820E4F /* SequenceView.cpp in Sources */ = {isa = PBXBuildFile; fileRef = F0966E020B551E4900820E4F /* SequenceView.cpp */; };
		F096F44F0AD2DD97005A633A /* BigEndianBuffer.cpp in Sources */ = {isa = PBXBuildFile; fileRef = F096F44E0AD2DD97005A633A /* BigEndianBuffer.cpp */; };
/* End PBXBuildFile section */

/* Begin PBXBuildRule section */
		F08B4D9F0AB0CF7500896399 /* PBXBuildRule */ = {
			isa = PBXBuildRule;
			compilerSpec = com.apple.compilers.gcc;
			fileType = sourcecode.cpp;
			isEditable = 1;
			outputFiles = (
			);
		};
/* End PBXBuildRule section */

/* Begin PBXFileReference section */
		1F6C5E060B80E37800628F07 /* wx.framework */ = {isa = PBXFileReference; lastKnownFileType = wrapper.framework; name = wx.framework; path = /Library/Frameworks/wx.framework; sourceTree = "<absolute>"; };
		F08B4B760AB0AE2000896399 /* wxmac.icns */ = {isa = PBXFileReference; lastKnownFileType = image.icns; name = wxmac.icns; path = /Library/Frameworks/wx.framework/Versions/2.8/Resources/wxmac.icns; sourceTree = "<absolute>"; };
		F08B4B770AB0AE4B00896399 /* Shapes.cpp */ = {isa = PBXFileReference; explicitFileType = sourcecode.cpp.cpp; fileEncoding = 5; name = Shapes.cpp; path = ../../Shapes.cpp; sourceTree = SOURCE_ROOT; };
		F08B4B780AB0AE4B00896399 /* ShapeFusionApp.cpp */ = {isa = PBXFileReference; fileEncoding = 5; lastKnownFileType = sourcecode.cpp.cpp; name = ShapeFusionApp.cpp; path = ../../ShapeFusionApp.cpp; sourceTree = SOURCE_ROOT; };
		F08B4B790AB0AE4B00896399 /* MyTreeItemData.cpp */ = {isa = PBXFileReference; fileEncoding = 5; lastKnownFileType = sourcecode.cpp.cpp; name = MyTreeItemData.cpp; path = ../../MyTreeItemData.cpp; sourceTree = SOURCE_ROOT; };
		F08B4B7A0AB0AE4B00896399 /* FrameView.cpp */ = {isa = PBXFileReference; fileEncoding = 5; lastKnownFileType = sourcecode.cpp.cpp; name = FrameView.cpp; path = ../../FrameView.cpp; sourceTree = SOURCE_ROOT; };
		F08B4B7B0AB0AE4B00896399 /* FrameBrowser.cpp */ = {isa = PBXFileReference; fileEncoding = 5; lastKnownFileType = sourcecode.cpp.cpp; name = FrameBrowser.cpp; path = ../../FrameBrowser.cpp; sourceTree = SOURCE_ROOT; };
		F08B4B7C0AB0AE4B00896399 /* CTBrowser.cpp */ = {isa = PBXFileReference; fileEncoding = 5; lastKnownFileType = sourcecode.cpp.cpp; name = CTBrowser.cpp; path = ../../CTBrowser.cpp; sourceTree = SOURCE_ROOT; };
		F08B4B7D0AB0AE4B00896399 /* BitmapView.cpp */ = {isa = PBXFileReference; fileEncoding = 5; lastKnownFileType = sourcecode.cpp.cpp; name = BitmapView.cpp; path = ../../BitmapView.cpp; sourceTree = SOURCE_ROOT; };
		F08B4B7E0AB0AE4B00896399 /* BitmapBrowser.cpp */ = {isa = PBXFileReference; fileEncoding = 5; lastKnownFileType = sourcecode.cpp.cpp; name = BitmapBrowser.cpp; path = ../../BitmapBrowser.cpp; sourceTree = SOURCE_ROOT; };
		F08B4B800AB0AE4B00896399 /* utilities.cpp */ = {isa = PBXFileReference; fileEncoding = 5; lastKnownFileType = sourcecode.cpp.cpp; name = utilities.cpp; path = ../../utilities.cpp; sourceTree = SOURCE_ROOT; };
		F08B4B810AB0AE4B00896399 /* ShapesEditor.cpp */ = {isa = PBXFileReference; fileEncoding = 5; lastKnownFileType = sourcecode.cpp.cpp; name = ShapesEditor.cpp; path = ../../ShapesEditor.cpp; sourceTree = SOURCE_ROOT; };
		F08B4B820AB0AE6C00896399 /* ShapeFusionApp.h */ = {isa = PBXFileReference; explicitFileType = sourcecode.c.h; fileEncoding = 5; name = ShapeFusionApp.h; path = ../../ShapeFusionApp.h; sourceTree = SOURCE_ROOT; };
		F08B4B830AB0AE6C00896399 /* MyTreeItemData.h */ = {isa = PBXFileReference; fileEncoding = 5; lastKnownFileType = sourcecode.c.h; name = MyTreeItemData.h; path = ../../MyTreeItemData.h; sourceTree = SOURCE_ROOT; };
		F08B4B840AB0AE6C00896399 /* FrameView.h */ = {isa = PBXFileReference; fileEncoding = 5; lastKnownFileType = sourcecode.c.h; name = FrameView.h; path = ../../FrameView.h; sourceTree = SOURCE_ROOT; };
		F08B4B850AB0AE6C00896399 /* FrameBrowser.h */ = {isa = PBXFileReference; fileEncoding = 5; lastKnownFileType = sourcecode.c.h; name = FrameBrowser.h; path = ../../FrameBrowser.h; sourceTree = SOURCE_ROOT; };
		F08B4B860AB0AE6C00896399 /* CTBrowser.h */ = {isa = PBXFileReference; fileEncoding = 5; lastKnownFileType = sourcecode.c.h; name = CTBrowser.h; path = ../../CTBrowser.h; sourceTree = SOURCE_ROOT; };
		F08B4B870AB0AE6C00896399 /* BitmapView.h */ = {isa = PBXFileReference; fileEncoding = 5; lastKnownFileType = sourcecode.c.h; name = BitmapView.h; path = ../../BitmapView.h; sourceTree = SOURCE_ROOT; };
		F08B4B880AB0AE6C00896399 /* BitmapBrowser.h */ = {isa = PBXFileReference; fileEncoding = 5; lastKnownFileType = sourcecode.c.h; name = BitmapBrowser.h; path = ../../BitmapBrowser.h; sourceTree = SOURCE_ROOT; };
		F08B4B8A0AB0AE6C00896399 /* utilities.h */ = {isa = PBXFileReference; fileEncoding = 5; lastKnownFileType = sourcecode.c.h; name = utilities.h; path = ../../utilities.h; sourceTree = SOURCE_ROOT; };
		F08B4B8B0AB0AE6C00896399 /* ShapesEditor.h */ = {isa = PBXFileReference; fileEncoding = 5; lastKnownFileType = sourcecode.c.h; name = ShapesEditor.h; path = ../../ShapesEditor.h; sourceTree = SOURCE_ROOT; };
		F08B4B8C0AB0AE6C00896399 /* Shapes.h */ = {isa = PBXFileReference; fileEncoding = 5; lastKnownFileType = sourcecode.c.h; name = Shapes.h; path = ../../Shapes.h; sourceTree = SOURCE_ROOT; };
		F08B4C360AB0B06D00896399 /* Carbon.framework */ = {isa = PBXFileReference; lastKnownFileType = wrapper.framework; name = Carbon.framework; path = /System/Library/Frameworks/Carbon.framework; sourceTree = "<absolute>"; };
		F08B4C370AB0B09A00896399 /* System.framework */ = {isa = PBXFileReference; lastKnownFileType = wrapper.framework; name = System.framework; path = /System/Library/Frameworks/System.framework; sourceTree = "<absolute>"; };
		F08B4C440AB0B10000896399 /* ShapeFusion.app */ = {isa = PBXFileReference; explicitFileType = wrapper.application; includeInIndex = 0; path = ShapeFusion.app; sourceTree = BUILT_PRODUCTS_DIR; };
		F08B4C470AB0B10000896399 /* ShapeFusion-Info.plist */ = {isa = PBXFileReference; lastKnownFileType = text.xml; path = "ShapeFusion-Info.plist"; sourceTree = "<group>"; };
		F08B4C760AB0B7E300896399 /* IOKit.framework */ = {isa = PBXFileReference; lastKnownFileType = wrapper.framework; name = IOKit.framework; path = /System/Library/Frameworks/IOKit.framework; sourceTree = "<absolute>"; };
		F08B4CB30AB0C0E700896399 /* OpenGL.framework */ = {isa = PBXFileReference; lastKnownFileType = wrapper.framework; name = OpenGL.framework; path = /System/Library/Frameworks/OpenGL.framework; sourceTree = "<absolute>"; };
		F0966E020B551E4900820E4F /* SequenceView.cpp */ = {isa = PBXFileReference; fileEncoding = 5; lastKnownFileType = sourcecode.cpp.cpp; name = SequenceView.cpp; path = ../../SequenceView.cpp; sourceTree = SOURCE_ROOT; };
		F0966E040B551E5100820E4F /* SequenceView.h */ = {isa = PBXFileReference; fileEncoding = 5; lastKnownFileType = sourcecode.c.h; name = SequenceView.h; path = ../../SequenceView.h; sourceTree = SOURCE_ROOT; };
		F096F44E0AD2DD97005A633A /* BigEndianBuffer.cpp */ = {isa = PBXFileReference; fileEncoding = 5; lastKnownFileType = sourcecode.cpp.cpp; name = BigEndianBuffer.cpp; path = ../../BigEndianBuffer.cpp; sourceTree = SOURCE_ROOT; };
		F096F4500AD2DD9F005A633A /* BigEndianBuffer.h */ = {isa = PBXFileReference; fileEncoding = 5; lastKnownFileType = sourcecode.c.h; name = BigEndianBuffer.h; path = ../../BigEndianBuffer.h; sourceTree = SOURCE_ROOT; };
/* End PBXFileReference section */

/* Begin PBXFrameworksBuildPhase section */
		F08B4C420AB0B10000896399 /* Frameworks */ = {
			isa = PBXFrameworksBuildPhase;
			buildActionMask = 2147483647;
			files = (
				1F6C5E070B80E37800628F07 /* wx.framework in Frameworks */,
			);
			runOnlyForDeploymentPostprocessing = 0;
		};
/* End PBXFrameworksBuildPhase section */

/* Begin PBXGroup section */
		F08B4B580AB0ADBA00896399 = {
			isa = PBXGroup;
			children = (
				F08B4B720AB0AE0B00896399 /* Sources */,
				F08B4B750AB0AE1200896399 /* Resources */,
				F08B4B9E0AB0B02A00896399 /* External things */,
				F08B4C450AB0B10000896399 /* Products */,
				F08B4C470AB0B10000896399 /* ShapeFusion-Info.plist */,
			);
			sourceTree = "<group>";
		};
		F08B4B720AB0AE0B00896399 /* Sources */ = {
			isa = PBXGroup;
			children = (
				F08B4B820AB0AE6C00896399 /* ShapeFusionApp.h */,
				F08B4B780AB0AE4B00896399 /* ShapeFusionApp.cpp */,
				F08B4B8B0AB0AE6C00896399 /* ShapesEditor.h */,
				F08B4B810AB0AE4B00896399 /* ShapesEditor.cpp */,
				F08B4B8C0AB0AE6C00896399 /* Shapes.h */,
				F08B4B770AB0AE4B00896399 /* Shapes.cpp */,
				F08B4B840AB0AE6C00896399 /* FrameView.h */,
				F08B4B7A0AB0AE4B00896399 /* FrameView.cpp */,
				F08B4B850AB0AE6C00896399 /* FrameBrowser.h */,
				F08B4B7B0AB0AE4B00896399 /* FrameBrowser.cpp */,
				F08B4B860AB0AE6C00896399 /* CTBrowser.h */,
				F08B4B7C0AB0AE4B00896399 /* CTBrowser.cpp */,
				F08B4B870AB0AE6C00896399 /* BitmapView.h */,
				F08B4B7D0AB0AE4B00896399 /* BitmapView.cpp */,
				F08B4B880AB0AE6C00896399 /* BitmapBrowser.h */,
				F08B4B7E0AB0AE4B00896399 /* BitmapBrowser.cpp */,
				F0966E040B551E5100820E4F /* SequenceView.h */,
				F0966E020B551E4900820E4F /* SequenceView.cpp */,
				F096F4500AD2DD9F005A633A /* BigEndianBuffer.h */,
				F096F44E0AD2DD97005A633A /* BigEndianBuffer.cpp */,
				F08B4B830AB0AE6C00896399 /* MyTreeItemData.h */,
				F08B4B790AB0AE4B00896399 /* MyTreeItemData.cpp */,
				F08B4B8A0AB0AE6C00896399 /* utilities.h */,
				F08B4B800AB0AE4B00896399 /* utilities.cpp */,
			);
			name = Sources;
			sourceTree = "<group>";
		};
		F08B4B750AB0AE1200896399 /* Resources */ = {
			isa = PBXGroup;
			children = (
				F08B4B760AB0AE2000896399 /* wxmac.icns */,
			);
			name = Resources;
			sourceTree = "<group>";
		};
		F08B4B9E0AB0B02A00896399 /* External things */ = {
			isa = PBXGroup;
			children = (
				1F6C5E060B80E37800628F07 /* wx.framework */,
				F08B4C360AB0B06D00896399 /* Carbon.framework */,
				F08B4C370AB0B09A00896399 /* System.framework */,
				F08B4C760AB0B7E300896399 /* IOKit.framework */,
				F08B4CB30AB0C0E700896399 /* OpenGL.framework */,
			);
			name = "External things";
			sourceTree = "<group>";
		};
		F08B4C450AB0B10000896399 /* Products */ = {
			isa = PBXGroup;
			children = (
				F08B4C440AB0B10000896399 /* ShapeFusion.app */,
			);
			name = Products;
			sourceTree = "<group>";
		};
/* End PBXGroup section */

/* Begin PBXNativeTarget section */
		F08B4C430AB0B10000896399 /* ShapeFusion */ = {
			isa = PBXNativeTarget;
			buildConfigurationList = F08B4C480AB0B10000896399 /* Build configuration list for PBXNativeTarget "ShapeFusion" */;
			buildPhases = (
				F08B4C400AB0B10000896399 /* Resources */,
				F08B4C410AB0B10000896399 /* Sources */,
				F08B4C420AB0B10000896399 /* Frameworks */,
			);
			buildRules = (
				F08B4D9F0AB0CF7500896399 /* PBXBuildRule */,
			);
			dependencies = (
			);
			name = ShapeFusion;
			productName = carbon_static;
			productReference = F08B4C440AB0B10000896399 /* ShapeFusion.app */;
			productType = "com.apple.product-type.application";
		};
/* End PBXNativeTarget section */

/* Begin PBXProject section */
		F08B4B5A0AB0ADBA00896399 /* Project object */ = {
			isa = PBXProject;
			buildConfigurationList = F08B4B5B0AB0ADBA00896399 /* Build configuration list for PBXProject "ShapeFusion" */;
			hasScannedForEncodings = 0;
			mainGroup = F08B4B580AB0ADBA00896399;
			productRefGroup = F08B4C450AB0B10000896399 /* Products */;
			projectDirPath = "";
			targets = (
				F08B4C430AB0B10000896399 /* ShapeFusion */,
			);
		};
/* End PBXProject section */

/* Begin PBXResourcesBuildPhase section */
		F08B4C400AB0B10000896399 /* Resources */ = {
			isa = PBXResourcesBuildPhase;
			buildActionMask = 2147483647;
			files = (
				F08B4C650AB0B39200896399 /* wxmac.icns in Resources */,
			);
			runOnlyForDeploymentPostprocessing = 0;
		};
/* End PBXResourcesBuildPhase section */

/* Begin PBXSourcesBuildPhase section */
		F08B4C410AB0B10000896399 /* Sources */ = {
			isa = PBXSourcesBuildPhase;
			buildActionMask = 2147483647;
			files = (
				F08B4C5A0AB0B31E00896399 /* ShapeFusionApp.cpp in Sources */,
				F08B4C5B0AB0B34E00896399 /* ShapesEditor.cpp in Sources */,
				F08B4C5C0AB0B35700896399 /* Shapes.cpp in Sources */,
				F08B4C5D0AB0B35E00896399 /* FrameView.cpp in Sources */,
				F08B4C5E0AB0B36300896399 /* FrameBrowser.cpp in Sources */,
				F08B4C5F0AB0B36700896399 /* CTBrowser.cpp in Sources */,
				F08B4C600AB0B36C00896399 /* BitmapView.cpp in Sources */,
				F08B4C610AB0B37000896399 /* BitmapBrowser.cpp in Sources */,
				F08B4C630AB0B37900896399 /* MyTreeItemData.cpp in Sources */,
				F08B4C640AB0B37E00896399 /* utilities.cpp in Sources */,
				F096F44F0AD2DD97005A633A /* BigEndianBuffer.cpp in Sources */,
				F0966E030B551E4900820E4F /* SequenceView.cpp in Sources */,
			);
			runOnlyForDeploymentPostprocessing = 0;
		};
/* End PBXSourcesBuildPhase section */

/* Begin XCBuildConfiguration section */
		F08B4B5C0AB0ADBA00896399 /* Debug */ = {
			isa = XCBuildConfiguration;
			buildSettings = {
				ARCHS = (
					ppc,
					"$(NATIVE_ARCH)",
				);
			};
			name = Debug;
		};
		F08B4B5D0AB0ADBA00896399 /* Release */ = {
			isa = XCBuildConfiguration;
			buildSettings = {
				ARCHS = (
					ppc,
					"$(NATIVE_ARCH)",
				);
			};
			name = Release;
		};
		F08B4C490AB0B10000896399 /* Debug */ = {
			isa = XCBuildConfiguration;
			buildSettings = {
				GCC_PRECOMPILE_PREFIX_HEADER = YES;
				GCC_PREFIX_HEADER = "$(LOCAL_LIBRARY_DIR)/Frameworks/wx.framework/Headers/wxprec.h";
				GCC_PREPROCESSOR_DEFINITIONS = (
					NO_GCC_PRAGMA,
					__WXMAC__,
					"wxUSE_BASE=1",
					"_FILE_OFFSET_BITS=64",
					_LARGE_FILES,
					"__WXMAC_XCODE__=1",
					"WX_PRECOMP=1",
					MACOS_CLASSIC,
					__WXDEBUG__,
				);
				INFOPLIST_FILE = "ShapeFusion-Info.plist";
				PRODUCT_NAME = ShapeFusion;
				WRAPPER_EXTENSION = app;
			};
			name = Debug;
		};
		F08B4C4A0AB0B10000896399 /* Release */ = {
			isa = XCBuildConfiguration;
			buildSettings = {
				GCC_PRECOMPILE_PREFIX_HEADER = YES;
				GCC_PREFIX_HEADER = "$(LOCAL_LIBRARY_DIR)/Frameworks/wx.framework/Headers/wxprec.h";
				GCC_PREPROCESSOR_DEFINITIONS = (
					NO_GCC_PRAGMA,
					__WXMAC__,
					"wxUSE_BASE=1",
					"_FILE_OFFSET_BITS=64",
					_LARGE_FILES,
					"__WXMAC_XCODE__=1",
					"WX_PRECOMP=1",
					MACOS_CLASSIC,
					__WXDEBUG__,
				);
				INFOPLIST_FILE = "ShapeFusion-Info.plist";
				PRODUCT_NAME = ShapeFusion;
				WRAPPER_EXTENSION = app;
			};
			name = Release;
		};
/* End XCBuildConfiguration section */

/* Begin XCConfigurationList section */
		F08B4B5B0AB0ADBA00896399 /* Build configuration list for PBXProject "ShapeFusion" */ = {
			isa = XCConfigurationList;
			buildConfigurations = (
				F08B4B5C0AB0ADBA00896399 /* Debug */,
				F08B4B5D0AB0ADBA00896399 /* Release */,
			);
			defaultConfigurationIsVisible = 0;
			defaultConfigurationName = Release;
		};
		F08B4C480AB0B10000896399 /* Build configuration list for PBXNativeTarget "ShapeFusion" */ = {
			isa = XCConfigurationList;
			buildConfigurations = (
				F08B4C490AB0B10000896399 /* Debug */,
				F08B4C4A0AB0B10000896399 /* Release */,
			);
			defaultConfigurationIsVisible = 0;
			defaultConfigurationName = Release;
		};
/* End XCConfigurationList section */
	};
	rootObject = F08B4B5A0AB0ADBA00896399 /* Project object */;
}
